
Microsoft Visual Studio Solution File, Format Version 12.00
# Visual Studio Version 16
VisualStudioVersion = 16.0.29709.97
MinimumVisualStudioVersion = 10.0.40219.1
Project("{FAE04EC0-301F-11D3-BF4B-00C04F79EFBC}") = "GenericsProgram", "GenericsProgram.csproj", "{054FEE42-22BF-4659-8FF4-93E3F0CA9AE7}"
EndProject
Project("{9A19103F-16F7-4668-BE54-9A1E7A4F7556}") = "FunctionalProgramming", "..\FunctionalProgramming\FunctionalProgramming.csproj", "{88E429A1-E34E-438C-8DF9-BB75AF415C7E}"
EndProject
Project("{9A19103F-16F7-4668-BE54-9A1E7A4F7556}") = "DataStructure", "..\DataStructure\DataStructure.csproj", "{9B227B56-5A7B-4981-970C-5A984F1A432D}"
EndProject
Global
	GlobalSection(SolutionConfigurationPlatforms) = preSolution
		Debug|Any CPU = Debug|Any CPU
		Release|Any CPU = Release|Any CPU
	EndGlobalSection
	GlobalSection(ProjectConfigurationPlatforms) = postSolution
		{054FEE42-22BF-4659-8FF4-93E3F0CA9AE7}.Debug|Any CPU.ActiveCfg = Debug|Any CPU
		{054FEE42-22BF-4659-8FF4-93E3F0CA9AE7}.Debug|Any CPU.Build.0 = Debug|Any CPU
		{054FEE42-22BF-4659-8FF4-93E3F0CA9AE7}.Release|Any CPU.ActiveCfg = Release|Any CPU
		{054FEE42-22BF-4659-8FF4-93E3F0CA9AE7}.Release|Any CPU.Build.0 = Release|Any CPU
		{88E429A1-E34E-438C-8DF9-BB75AF415C7E}.Debug|Any CPU.ActiveCfg = Debug|Any CPU
		{88E429A1-E34E-438C-8DF9-BB75AF415C7E}.Debug|Any CPU.Build.0 = Debug|Any CPU
		{88E429A1-E34E-438C-8DF9-BB75AF415C7E}.Release|Any CPU.ActiveCfg = Release|Any CPU
		{88E429A1-E34E-438C-8DF9-BB75AF415C7E}.Release|Any CPU.Build.0 = Release|Any CPU
		{9B227B56-5A7B-4981-970C-5A984F1A432D}.Debug|Any CPU.ActiveCfg = Debug|Any CPU
		{9B227B56-5A7B-4981-970C-5A984F1A432D}.Debug|Any CPU.Build.0 = Debug|Any CPU
		{9B227B56-5A7B-4981-970C-5A984F1A432D}.Release|Any CPU.ActiveCfg = Release|Any CPU
		{9B227B56-5A7B-4981-970C-5A984F1A432D}.Release|Any CPU.Build.0 = Release|Any CPU
	EndGlobalSection
	GlobalSection(SolutionProperties) = preSolution
		HideSolutionNode = FALSE
	EndGlobalSection
	GlobalSection(ExtensibilityGlobals) = postSolution
		SolutionGuid = {FE4F7DE7-D765-4554-8373-BC33EE8B08DC}
	EndGlobalSection
EndGlobal
